
Microsoft Visual Studio Solution File, Format Version 12.00
# Visual Studio Version 17
VisualStudioVersion = 17.5.33424.131
MinimumVisualStudioVersion = 10.0.40219.1
Project("{FAE04EC0-301F-11D3-BF4B-00C04F79EFBC}") = "BackendC#", "BackendC#\BackendC#.csproj", "{F72FB4FB-72DE-4D06-B2D8-105AC646F12C}"
EndProject
Global
	GlobalSection(SolutionConfigurationPlatforms) = preSolution
		Debug|Any CPU = Debug|Any CPU
		Release|Any CPU = Release|Any CPU
	EndGlobalSection
	GlobalSection(ProjectConfigurationPlatforms) = postSolution
		{F72FB4FB-72DE-4D06-B2D8-105AC646F12C}.Debug|Any CPU.ActiveCfg = Debug|Any CPU
		{F72FB4FB-72DE-4D06-B2D8-105AC646F12C}.Debug|Any CPU.Build.0 = Debug|Any CPU
		{F72FB4FB-72DE-4D06-B2D8-105AC646F12C}.Release|Any CPU.ActiveCfg = Release|Any CPU
		{F72FB4FB-72DE-4D06-B2D8-105AC646F12C}.Release|Any CPU.Build.0 = Release|Any CPU
	EndGlobalSection
	GlobalSection(SolutionProperties) = preSolution
		HideSolutionNode = FALSE
	EndGlobalSection
	GlobalSection(ExtensibilityGlobals) = postSolution
		SolutionGuid = {EC5E000A-1915-444E-83BB-54A04C0053E2}
	EndGlobalSection
EndGlobal
